
Microsoft Visual Studio Solution File, Format Version 12.00
# Visual Studio Version 16
VisualStudioVersion = 16.0.30011.22
MinimumVisualStudioVersion = 10.0.40219.1
Project("{FAE04EC0-301F-11D3-BF4B-00C04F79EFBC}") = "Travels", "Travels\Travels.csproj", "{8D88EDEE-F36D-40AF-82C1-D4F45CCD9955}"
EndProject
Global
	GlobalSection(SolutionConfigurationPlatforms) = preSolution
		Debug|Any CPU = Debug|Any CPU
		Release|Any CPU = Release|Any CPU
	EndGlobalSection
	GlobalSection(ProjectConfigurationPlatforms) = postSolution
		{8D88EDEE-F36D-40AF-82C1-D4F45CCD9955}.Debug|Any CPU.ActiveCfg = Debug|Any CPU
		{8D88EDEE-F36D-40AF-82C1-D4F45CCD9955}.Debug|Any CPU.Build.0 = Debug|Any CPU
		{8D88EDEE-F36D-40AF-82C1-D4F45CCD9955}.Release|Any CPU.ActiveCfg = Release|Any CPU
		{8D88EDEE-F36D-40AF-82C1-D4F45CCD9955}.Release|Any CPU.Build.0 = Release|Any CPU
	EndGlobalSection
	GlobalSection(SolutionProperties) = preSolution
		HideSolutionNode = FALSE
	EndGlobalSection
	GlobalSection(ExtensibilityGlobals) = postSolution
		SolutionGuid = {D0E5C350-E007-404A-AF0C-47B79C4BA6F7}
	EndGlobalSection
EndGlobal
